// !$*UTF8*$!
{
	archiveVersion = 1;
	classes = {
	};
	objectVersion = 55;
	objects = {

/* Begin PBXBuildFile section */
		094271B72875E90C00ED3267 /* AppDelegate.swift in Sources */ = {isa = PBXBuildFile; fileRef = 094271B62875E90C00ED3267 /* AppDelegate.swift */; };
		094271B92875E90C00ED3267 /* SceneDelegate.swift in Sources */ = {isa = PBXBuildFile; fileRef = 094271B82875E90C00ED3267 /* SceneDelegate.swift */; };
		094271BB2875E90C00ED3267 /* StocksViewController.swift in Sources */ = {isa = PBXBuildFile; fileRef = 094271BA2875E90C00ED3267 /* StocksViewController.swift */; };
		094271BE2875E90C00ED3267 /* Main.storyboard in Resources */ = {isa = PBXBuildFile; fileRef = 094271BC2875E90C00ED3267 /* Main.storyboard */; };
		094271C02875E90E00ED3267 /* Assets.xcassets in Resources */ = {isa = PBXBuildFile; fileRef = 094271BF2875E90E00ED3267 /* Assets.xcassets */; };
		094271C32875E90E00ED3267 /* LaunchScreen.storyboard in Resources */ = {isa = PBXBuildFile; fileRef = 094271C12875E90E00ED3267 /* LaunchScreen.storyboard */; };
		094271E82875E95E00ED3267 /* Stock.swift in Sources */ = {isa = PBXBuildFile; fileRef = 094271E72875E95E00ED3267 /* Stock.swift */; };
		094271EA2875EAB800ED3267 /* NetworkController.swift in Sources */ = {isa = PBXBuildFile; fileRef = 094271E92875EAB800ED3267 /* NetworkController.swift */; };
		094271EC2875F0F700ED3267 /* StocksAPI.swift in Sources */ = {isa = PBXBuildFile; fileRef = 094271EB2875F0F700ED3267 /* StocksAPI.swift */; };
		094271EE28763F9600ED3267 /* StockAPITests.swift in Sources */ = {isa = PBXBuildFile; fileRef = 094271ED28763F9600ED3267 /* StockAPITests.swift */; };
		094271F4287751AA00ED3267 /* MockNetworkController.swift in Sources */ = {isa = PBXBuildFile; fileRef = 094271F3287751AA00ED3267 /* MockNetworkController.swift */; };
/* End PBXBuildFile section */

/* Begin PBXContainerItemProxy section */
		094271CA2875E90F00ED3267 /* PBXContainerItemProxy */ = {
			isa = PBXContainerItemProxy;
			containerPortal = 094271AB2875E90C00ED3267 /* Project object */;
			proxyType = 1;
			remoteGlobalIDString = 094271B22875E90C00ED3267;
			remoteInfo = CashAppStocks;
		};
/* End PBXContainerItemProxy section */

/* Begin PBXFileReference section */
		094271B32875E90C00ED3267 /* CashAppStocks.app */ = {isa = PBXFileReference; explicitFileType = wrapper.application; includeInIndex = 0; path = CashAppStocks.app; sourceTree = BUILT_PRODUCTS_DIR; };
		094271B62875E90C00ED3267 /* AppDelegate.swift */ = {isa = PBXFileReference; lastKnownFileType = sourcecode.swift; path = AppDelegate.swift; sourceTree = "<group>"; };
		094271B82875E90C00ED3267 /* SceneDelegate.swift */ = {isa = PBXFileReference; lastKnownFileType = sourcecode.swift; path = SceneDelegate.swift; sourceTree = "<group>"; };
		094271BA2875E90C00ED3267 /* StocksViewController.swift */ = {isa = PBXFileReference; lastKnownFileType = sourcecode.swift; path = StocksViewController.swift; sourceTree = "<group>"; };
		094271BD2875E90C00ED3267 /* Base */ = {isa = PBXFileReference; lastKnownFileType = file.storyboard; name = Base; path = Base.lproj/Main.storyboard; sourceTree = "<group>"; };
		094271BF2875E90E00ED3267 /* Assets.xcassets */ = {isa = PBXFileReference; lastKnownFileType = folder.assetcatalog; path = Assets.xcassets; sourceTree = "<group>"; };
		094271C22875E90E00ED3267 /* Base */ = {isa = PBXFileReference; lastKnownFileType = file.storyboard; name = Base; path = Base.lproj/LaunchScreen.storyboard; sourceTree = "<group>"; };
		094271C42875E90E00ED3267 /* Info.plist */ = {isa = PBXFileReference; lastKnownFileType = text.plist.xml; path = Info.plist; sourceTree = "<group>"; };
		094271C92875E90F00ED3267 /* CashAppStocksTests.xctest */ = {isa = PBXFileReference; explicitFileType = wrapper.cfbundle; includeInIndex = 0; path = CashAppStocksTests.xctest; sourceTree = BUILT_PRODUCTS_DIR; };
		094271E72875E95E00ED3267 /* Stock.swift */ = {isa = PBXFileReference; lastKnownFileType = sourcecode.swift; path = Stock.swift; sourceTree = "<group>"; };
		094271E92875EAB800ED3267 /* NetworkController.swift */ = {isa = PBXFileReference; lastKnownFileType = sourcecode.swift; path = NetworkController.swift; sourceTree = "<group>"; };
		094271EB2875F0F700ED3267 /* StocksAPI.swift */ = {isa = PBXFileReference; lastKnownFileType = sourcecode.swift; path = StocksAPI.swift; sourceTree = "<group>"; };
		094271ED28763F9600ED3267 /* StockAPITests.swift */ = {isa = PBXFileReference; lastKnownFileType = sourcecode.swift; path = StockAPITests.swift; sourceTree = "<group>"; };
		094271EF28774F2E00ED3267 /* README.md */ = {isa = PBXFileReference; lastKnownFileType = net.daringfireball.markdown; path = README.md; sourceTree = "<group>"; };
		094271F3287751AA00ED3267 /* MockNetworkController.swift */ = {isa = PBXFileReference; lastKnownFileType = sourcecode.swift; path = MockNetworkController.swift; sourceTree = "<group>"; };
/* End PBXFileReference section */

/* Begin PBXFrameworksBuildPhase section */
		094271B02875E90C00ED3267 /* Frameworks */ = {
			isa = PBXFrameworksBuildPhase;
			buildActionMask = 2147483647;
			files = (
			);
			runOnlyForDeploymentPostprocessing = 0;
		};
		094271C62875E90F00ED3267 /* Frameworks */ = {
			isa = PBXFrameworksBuildPhase;
			buildActionMask = 2147483647;
			files = (
			);
			runOnlyForDeploymentPostprocessing = 0;
		};
/* End PBXFrameworksBuildPhase section */

/* Begin PBXGroup section */
		094271AA2875E90C00ED3267 = {
			isa = PBXGroup;
			children = (
				094271EF28774F2E00ED3267 /* README.md */,
				094271B52875E90C00ED3267 /* CashAppStocks */,
				094271CC2875E90F00ED3267 /* CashAppStocksTests */,
				094271B42875E90C00ED3267 /* Products */,
			);
			sourceTree = "<group>";
		};
		094271B42875E90C00ED3267 /* Products */ = {
			isa = PBXGroup;
			children = (
				094271B32875E90C00ED3267 /* CashAppStocks.app */,
				094271C92875E90F00ED3267 /* CashAppStocksTests.xctest */,
			);
			name = Products;
			sourceTree = "<group>";
		};
		094271B52875E90C00ED3267 /* CashAppStocks */ = {
			isa = PBXGroup;
			children = (
				094271F228774F8700ED3267 /* View */,
				094271F128774F8000ED3267 /* Controllers */,
				094271F028774F7500ED3267 /* Model */,
				094271E62875E92100ED3267 /* Misc */,
				094271C42875E90E00ED3267 /* Info.plist */,
			);
			path = CashAppStocks;
			sourceTree = "<group>";
		};
		094271CC2875E90F00ED3267 /* CashAppStocksTests */ = {
			isa = PBXGroup;
			children = (
				094271ED28763F9600ED3267 /* StockAPITests.swift */,
				094271F3287751AA00ED3267 /* MockNetworkController.swift */,
			);
			path = CashAppStocksTests;
			sourceTree = "<group>";
		};
		094271E62875E92100ED3267 /* Misc */ = {
			isa = PBXGroup;
			children = (
				094271B62875E90C00ED3267 /* AppDelegate.swift */,
				094271B82875E90C00ED3267 /* SceneDelegate.swift */,
				094271BC2875E90C00ED3267 /* Main.storyboard */,
				094271C12875E90E00ED3267 /* LaunchScreen.storyboard */,
				094271BF2875E90E00ED3267 /* Assets.xcassets */,
			);
			path = Misc;
			sourceTree = "<group>";
		};
		094271F028774F7500ED3267 /* Model */ = {
			isa = PBXGroup;
			children = (
				094271E72875E95E00ED3267 /* Stock.swift */,
			);
			path = Model;
			sourceTree = "<group>";
		};
		094271F128774F8000ED3267 /* Controllers */ = {
			isa = PBXGroup;
			children = (
				094271E92875EAB800ED3267 /* NetworkController.swift */,
				094271EB2875F0F700ED3267 /* StocksAPI.swift */,
			);
			path = Controllers;
			sourceTree = "<group>";
		};
		094271F228774F8700ED3267 /* View */ = {
			isa = PBXGroup;
			children = (
				094271BA2875E90C00ED3267 /* StocksViewController.swift */,
			);
			path = View;
			sourceTree = "<group>";
		};
/* End PBXGroup section */

/* Begin PBXNativeTarget section */
		094271B22875E90C00ED3267 /* CashAppStocks */ = {
			isa = PBXNativeTarget;
			buildConfigurationList = 094271DD2875E90F00ED3267 /* Build configuration list for PBXNativeTarget "CashAppStocks" */;
			buildPhases = (
				094271AF2875E90C00ED3267 /* Sources */,
				094271B02875E90C00ED3267 /* Frameworks */,
				094271B12875E90C00ED3267 /* Resources */,
			);
			buildRules = (
			);
			dependencies = (
			);
			name = CashAppStocks;
			productName = CashAppStocks;
			productReference = 094271B32875E90C00ED3267 /* CashAppStocks.app */;
			productType = "com.apple.product-type.application";
		};
		094271C82875E90F00ED3267 /* CashAppStocksTests */ = {
			isa = PBXNativeTarget;
			buildConfigurationList = 094271E02875E90F00ED3267 /* Build configuration list for PBXNativeTarget "CashAppStocksTests" */;
			buildPhases = (
				094271C52875E90F00ED3267 /* Sources */,
				094271C62875E90F00ED3267 /* Frameworks */,
				094271C72875E90F00ED3267 /* Resources */,
			);
			buildRules = (
			);
			dependencies = (
				094271CB2875E90F00ED3267 /* PBXTargetDependency */,
			);
			name = CashAppStocksTests;
			productName = CashAppStocksTests;
			productReference = 094271C92875E90F00ED3267 /* CashAppStocksTests.xctest */;
			productType = "com.apple.product-type.bundle.unit-test";
		};
/* End PBXNativeTarget section */

/* Begin PBXProject section */
		094271AB2875E90C00ED3267 /* Project object */ = {
			isa = PBXProject;
			attributes = {
				BuildIndependentTargetsInParallel = 1;
				LastSwiftUpdateCheck = 1340;
				LastUpgradeCheck = 1340;
				TargetAttributes = {
					094271B22875E90C00ED3267 = {
						CreatedOnToolsVersion = 13.4.1;
					};
					094271C82875E90F00ED3267 = {
						CreatedOnToolsVersion = 13.4.1;
						TestTargetID = 094271B22875E90C00ED3267;
					};
				};
			};
			buildConfigurationList = 094271AE2875E90C00ED3267 /* Build configuration list for PBXProject "CashAppStocks" */;
			compatibilityVersion = "Xcode 13.0";
			developmentRegion = en;
			hasScannedForEncodings = 0;
			knownRegions = (
				en,
				Base,
			);
			mainGroup = 094271AA2875E90C00ED3267;
			productRefGroup = 094271B42875E90C00ED3267 /* Products */;
			projectDirPath = "";
			projectRoot = "";
			targets = (
				094271B22875E90C00ED3267 /* CashAppStocks */,
				094271C82875E90F00ED3267 /* CashAppStocksTests */,
			);
		};
/* End PBXProject section */

/* Begin PBXResourcesBuildPhase section */
		094271B12875E90C00ED3267 /* Resources */ = {
			isa = PBXResourcesBuildPhase;
			buildActionMask = 2147483647;
			files = (
				094271C32875E90E00ED3267 /* LaunchScreen.storyboard in Resources */,
				094271C02875E90E00ED3267 /* Assets.xcassets in Resources */,
				094271BE2875E90C00ED3267 /* Main.storyboard in Resources */,
			);
			runOnlyForDeploymentPostprocessing = 0;
		};
		094271C72875E90F00ED3267 /* Resources */ = {
			isa = PBXResourcesBuildPhase;
			buildActionMask = 2147483647;
			files = (
			);
			runOnlyForDeploymentPostprocessing = 0;
		};
/* End PBXResourcesBuildPhase section */

/* Begin PBXSourcesBuildPhase section */
		094271AF2875E90C00ED3267 /* Sources */ = {
			isa = PBXSourcesBuildPhase;
			buildActionMask = 2147483647;
			files = (
				094271EA2875EAB800ED3267 /* NetworkController.swift in Sources */,
				094271BB2875E90C00ED3267 /* StocksViewController.swift in Sources */,
				094271EC2875F0F700ED3267 /* StocksAPI.swift in Sources */,
				094271B72875E90C00ED3267 /* AppDelegate.swift in Sources */,
				094271E82875E95E00ED3267 /* Stock.swift in Sources */,
				094271B92875E90C00ED3267 /* SceneDelegate.swift in Sources */,
			);
			runOnlyForDeploymentPostprocessing = 0;
		};
		094271C52875E90F00ED3267 /* Sources */ = {
			isa = PBXSourcesBuildPhase;
			buildActionMask = 2147483647;
			files = (
				094271F4287751AA00ED3267 /* MockNetworkController.swift in Sources */,
				094271EE28763F9600ED3267 /* StockAPITests.swift in Sources */,
			);
			runOnlyForDeploymentPostprocessing = 0;
		};
/* End PBXSourcesBuildPhase section */

/* Begin PBXTargetDependency section */
		094271CB2875E90F00ED3267 /* PBXTargetDependency */ = {
			isa = PBXTargetDependency;
			target = 094271B22875E90C00ED3267 /* CashAppStocks */;
			targetProxy = 094271CA2875E90F00ED3267 /* PBXContainerItemProxy */;
		};
/* End PBXTargetDependency section */

/* Begin PBXVariantGroup section */
		094271BC2875E90C00ED3267 /* Main.storyboard */ = {
			isa = PBXVariantGroup;
			children = (
				094271BD2875E90C00ED3267 /* Base */,
			);
			name = Main.storyboard;
			sourceTree = "<group>";
		};
		094271C12875E90E00ED3267 /* LaunchScreen.storyboard */ = {
			isa = PBXVariantGroup;
			children = (
				094271C22875E90E00ED3267 /* Base */,
			);
			name = LaunchScreen.storyboard;
			sourceTree = "<group>";
		};
/* End PBXVariantGroup section */

/* Begin XCBuildConfiguration section */
		094271DB2875E90F00ED3267 /* Debug */ = {
			isa = XCBuildConfiguration;
			buildSettings = {
				ALWAYS_SEARCH_USER_PATHS = NO;
				CLANG_ANALYZER_NONNULL = YES;
				CLANG_ANALYZER_NUMBER_OBJECT_CONVERSION = YES_AGGRESSIVE;
				CLANG_CXX_LANGUAGE_STANDARD = "gnu++17";
				CLANG_ENABLE_MODULES = YES;
				CLANG_ENABLE_OBJC_ARC = YES;
				CLANG_ENABLE_OBJC_WEAK = YES;
				CLANG_WARN_BLOCK_CAPTURE_AUTORELEASING = YES;
				CLANG_WARN_BOOL_CONVERSION = YES;
				CLANG_WARN_COMMA = YES;
				CLANG_WARN_CONSTANT_CONVERSION = YES;
				CLANG_WARN_DEPRECATED_OBJC_IMPLEMENTATIONS = YES;
				CLANG_WARN_DIRECT_OBJC_ISA_USAGE = YES_ERROR;
				CLANG_WARN_DOCUMENTATION_COMMENTS = YES;
				CLANG_WARN_EMPTY_BODY = YES;
				CLANG_WARN_ENUM_CONVERSION = YES;
				CLANG_WARN_INFINITE_RECURSION = YES;
				CLANG_WARN_INT_CONVERSION = YES;
				CLANG_WARN_NON_LITERAL_NULL_CONVERSION = YES;
				CLANG_WARN_OBJC_IMPLICIT_RETAIN_SELF = YES;
				CLANG_WARN_OBJC_LITERAL_CONVERSION = YES;
				CLANG_WARN_OBJC_ROOT_CLASS = YES_ERROR;
				CLANG_WARN_QUOTED_INCLUDE_IN_FRAMEWORK_HEADER = YES;
				CLANG_WARN_RANGE_LOOP_ANALYSIS = YES;
				CLANG_WARN_STRICT_PROTOTYPES = YES;
				CLANG_WARN_SUSPICIOUS_MOVE = YES;
				CLANG_WARN_UNGUARDED_AVAILABILITY = YES_AGGRESSIVE;
				CLANG_WARN_UNREACHABLE_CODE = YES;
				CLANG_WARN__DUPLICATE_METHOD_MATCH = YES;
				COPY_PHASE_STRIP = NO;
				DEBUG_INFORMATION_FORMAT = dwarf;
				ENABLE_STRICT_OBJC_MSGSEND = YES;
				ENABLE_TESTABILITY = YES;
				GCC_C_LANGUAGE_STANDARD = gnu11;
				GCC_DYNAMIC_NO_PIC = NO;
				GCC_NO_COMMON_BLOCKS = YES;
				GCC_OPTIMIZATION_LEVEL = 0;
				GCC_PREPROCESSOR_DEFINITIONS = (
					"DEBUG=1",
					"$(inherited)",
				);
				GCC_WARN_64_TO_32_BIT_CONVERSION = YES;
				GCC_WARN_ABOUT_RETURN_TYPE = YES_ERROR;
				GCC_WARN_UNDECLARED_SELECTOR = YES;
				GCC_WARN_UNINITIALIZED_AUTOS = YES_AGGRESSIVE;
				GCC_WARN_UNUSED_FUNCTION = YES;
				GCC_WARN_UNUSED_VARIABLE = YES;
				IPHONEOS_DEPLOYMENT_TARGET = 15.5;
				MTL_ENABLE_DEBUG_INFO = INCLUDE_SOURCE;
				MTL_FAST_MATH = YES;
				ONLY_ACTIVE_ARCH = YES;
				SDKROOT = iphoneos;
				SWIFT_ACTIVE_COMPILATION_CONDITIONS = DEBUG;
				SWIFT_OPTIMIZATION_LEVEL = "-Onone";
			};
			name = Debug;
		};
		094271DC2875E90F00ED3267 /* Release */ = {
			isa = XCBuildConfiguration;
			buildSettings = {
				ALWAYS_SEARCH_USER_PATHS = NO;
				CLANG_ANALYZER_NONNULL = YES;
				CLANG_ANALYZER_NUMBER_OBJECT_CONVERSION = YES_AGGRESSIVE;
				CLANG_CXX_LANGUAGE_STANDARD = "gnu++17";
				CLANG_ENABLE_MODULES = YES;
				CLANG_ENABLE_OBJC_ARC = YES;
				CLANG_ENABLE_OBJC_WEAK = YES;
				CLANG_WARN_BLOCK_CAPTURE_AUTORELEASING = YES;
				CLANG_WARN_BOOL_CONVERSION = YES;
				CLANG_WARN_COMMA = YES;
				CLANG_WARN_CONSTANT_CONVERSION = YES;
				CLANG_WARN_DEPRECATED_OBJC_IMPLEMENTATIONS = YES;
				CLANG_WARN_DIRECT_OBJC_ISA_USAGE = YES_ERROR;
				CLANG_WARN_DOCUMENTATION_COMMENTS = YES;
				CLANG_WARN_EMPTY_BODY = YES;
				CLANG_WARN_ENUM_CONVERSION = YES;
				CLANG_WARN_INFINITE_RECURSION = YES;
				CLANG_WARN_INT_CONVERSION = YES;
				CLANG_WARN_NON_LITERAL_NULL_CONVERSION = YES;
				CLANG_WARN_OBJC_IMPLICIT_RETAIN_SELF = YES;
				CLANG_WARN_OBJC_LITERAL_CONVERSION = YES;
				CLANG_WARN_OBJC_ROOT_CLASS = YES_ERROR;
				CLANG_WARN_QUOTED_INCLUDE_IN_FRAMEWORK_HEADER = YES;
				CLANG_WARN_RANGE_LOOP_ANALYSIS = YES;
				CLANG_WARN_STRICT_PROTOTYPES = YES;
				CLANG_WARN_SUSPICIOUS_MOVE = YES;
				CLANG_WARN_UNGUARDED_AVAILABILITY = YES_AGGRESSIVE;
				CLANG_WARN_UNREACHABLE_CODE = YES;
				CLANG_WARN__DUPLICATE_METHOD_MATCH = YES;
				COPY_PHASE_STRIP = NO;
				DEBUG_INFORMATION_FORMAT = "dwarf-with-dsym";
				ENABLE_NS_ASSERTIONS = NO;
				ENABLE_STRICT_OBJC_MSGSEND = YES;
				GCC_C_LANGUAGE_STANDARD = gnu11;
				GCC_NO_COMMON_BLOCKS = YES;
				GCC_WARN_64_TO_32_BIT_CONVERSION = YES;
				GCC_WARN_ABOUT_RETURN_TYPE = YES_ERROR;
				GCC_WARN_UNDECLARED_SELECTOR = YES;
				GCC_WARN_UNINITIALIZED_AUTOS = YES_AGGRESSIVE;
				GCC_WARN_UNUSED_FUNCTION = YES;
				GCC_WARN_UNUSED_VARIABLE = YES;
				IPHONEOS_DEPLOYMENT_TARGET = 15.5;
				MTL_ENABLE_DEBUG_INFO = NO;
				MTL_FAST_MATH = YES;
				SDKROOT = iphoneos;
				SWIFT_COMPILATION_MODE = wholemodule;
				SWIFT_OPTIMIZATION_LEVEL = "-O";
				VALIDATE_PRODUCT = YES;
			};
			name = Release;
		};
		094271DE2875E90F00ED3267 /* Debug */ = {
			isa = XCBuildConfiguration;
			buildSettings = {
				ASSETCATALOG_COMPILER_APPICON_NAME = AppIcon;
				ASSETCATALOG_COMPILER_GLOBAL_ACCENT_COLOR_NAME = AccentColor;
				CODE_SIGN_STYLE = Automatic;
				CURRENT_PROJECT_VERSION = 1;
				GENERATE_INFOPLIST_FILE = YES;
				INFOPLIST_FILE = CashAppStocks/Info.plist;
				INFOPLIST_KEY_UIApplicationSupportsIndirectInputEvents = YES;
				INFOPLIST_KEY_UILaunchStoryboardName = LaunchScreen;
				INFOPLIST_KEY_UIMainStoryboardFile = Main;
				INFOPLIST_KEY_UISupportedInterfaceOrientations_iPad = "UIInterfaceOrientationPortrait UIInterfaceOrientationPortraitUpsideDown UIInterfaceOrientationLandscapeLeft UIInterfaceOrientationLandscapeRight";
				INFOPLIST_KEY_UISupportedInterfaceOrientations_iPhone = "UIInterfaceOrientationPortrait UIInterfaceOrientationLandscapeLeft UIInterfaceOrientationLandscapeRight";
				LD_RUNPATH_SEARCH_PATHS = (
					"$(inherited)",
					"@executable_path/Frameworks",
				);
				MARKETING_VERSION = 1.0;
				PRODUCT_BUNDLE_IDENTIFIER = dev.yariv.CashAppStocks;
				PRODUCT_NAME = "$(TARGET_NAME)";
				SWIFT_EMIT_LOC_STRINGS = YES;
				SWIFT_VERSION = 5.0;
				TARGETED_DEVICE_FAMILY = "1,2";
			};
			name = Debug;
		};
		094271DF2875E90F00ED3267 /* Release */ = {
			isa = XCBuildConfiguration;
			buildSettings = {
				ASSETCATALOG_COMPILER_APPICON_NAME = AppIcon;
				ASSETCATALOG_COMPILER_GLOBAL_ACCENT_COLOR_NAME = AccentColor;
				CODE_SIGN_STYLE = Automatic;
				CURRENT_PROJECT_VERSION = 1;
				GENERATE_INFOPLIST_FILE = YES;
				INFOPLIST_FILE = CashAppStocks/Info.plist;
				INFOPLIST_KEY_UIApplicationSupportsIndirectInputEvents = YES;
				INFOPLIST_KEY_UILaunchStoryboardName = LaunchScreen;
				INFOPLIST_KEY_UIMainStoryboardFile = Main;
				INFOPLIST_KEY_UISupportedInterfaceOrientations_iPad = "UIInterfaceOrientationPortrait UIInterfaceOrientationPortraitUpsideDown UIInterfaceOrientationLandscapeLeft UIInterfaceOrientationLandscapeRight";
				INFOPLIST_KEY_UISupportedInterfaceOrientations_iPhone = "UIInterfaceOrientationPortrait UIInterfaceOrientationLandscapeLeft UIInterfaceOrientationLandscapeRight";
				LD_RUNPATH_SEARCH_PATHS = (
					"$(inherited)",
					"@executable_path/Frameworks",
				);
				MARKETING_VERSION = 1.0;
				PRODUCT_BUNDLE_IDENTIFIER = dev.yariv.CashAppStocks;
				PRODUCT_NAME = "$(TARGET_NAME)";
				SWIFT_EMIT_LOC_STRINGS = YES;
				SWIFT_VERSION = 5.0;
				TARGETED_DEVICE_FAMILY = "1,2";
			};
			name = Release;
		};
		094271E12875E90F00ED3267 /* Debug */ = {
			isa = XCBuildConfiguration;
			buildSettings = {
				ALWAYS_EMBED_SWIFT_STANDARD_LIBRARIES = YES;
				BUNDLE_LOADER = "$(TEST_HOST)";
				CODE_SIGN_STYLE = Automatic;
				CURRENT_PROJECT_VERSION = 1;
				GENERATE_INFOPLIST_FILE = YES;
				IPHONEOS_DEPLOYMENT_TARGET = 15.5;
				MARKETING_VERSION = 1.0;
				PRODUCT_BUNDLE_IDENTIFIER = dev.yariv.CashAppStocksTests;
				PRODUCT_NAME = "$(TARGET_NAME)";
				SWIFT_EMIT_LOC_STRINGS = NO;
				SWIFT_VERSION = 5.0;
				TARGETED_DEVICE_FAMILY = "1,2";
				TEST_HOST = "$(BUILT_PRODUCTS_DIR)/CashAppStocks.app/CashAppStocks";
			};
			name = Debug;
		};
		094271E22875E90F00ED3267 /* Release */ = {
			isa = XCBuildConfiguration;
			buildSettings = {
				ALWAYS_EMBED_SWIFT_STANDARD_LIBRARIES = YES;
				BUNDLE_LOADER = "$(TEST_HOST)";
				CODE_SIGN_STYLE = Automatic;
				CURRENT_PROJECT_VERSION = 1;
				GENERATE_INFOPLIST_FILE = YES;
				IPHONEOS_DEPLOYMENT_TARGET = 15.5;
				MARKETING_VERSION = 1.0;
				PRODUCT_BUNDLE_IDENTIFIER = dev.yariv.CashAppStocksTests;
				PRODUCT_NAME = "$(TARGET_NAME)";
				SWIFT_EMIT_LOC_STRINGS = NO;
				SWIFT_VERSION = 5.0;
				TARGETED_DEVICE_FAMILY = "1,2";
				TEST_HOST = "$(BUILT_PRODUCTS_DIR)/CashAppStocks.app/CashAppStocks";
			};
			name = Release;
		};
/* End XCBuildConfiguration section */

/* Begin XCConfigurationList section */
		094271AE2875E90C00ED3267 /* Build configuration list for PBXProject "CashAppStocks" */ = {
			isa = XCConfigurationList;
			buildConfigurations = (
				094271DB2875E90F00ED3267 /* Debug */,
				094271DC2875E90F00ED3267 /* Release */,
			);
			defaultConfigurationIsVisible = 0;
			defaultConfigurationName = Release;
		};
		094271DD2875E90F00ED3267 /* Build configuration list for PBXNativeTarget "CashAppStocks" */ = {
			isa = XCConfigurationList;
			buildConfigurations = (
				094271DE2875E90F00ED3267 /* Debug */,
				094271DF2875E90F00ED3267 /* Release */,
			);
			defaultConfigurationIsVisible = 0;
			defaultConfigurationName = Release;
		};
		094271E02875E90F00ED3267 /* Build configuration list for PBXNativeTarget "CashAppStocksTests" */ = {
			isa = XCConfigurationList;
			buildConfigurations = (
				094271E12875E90F00ED3267 /* Debug */,
				094271E22875E90F00ED3267 /* Release */,
			);
			defaultConfigurationIsVisible = 0;
			defaultConfigurationName = Release;
		};
/* End XCConfigurationList section */
	};
	rootObject = 094271AB2875E90C00ED3267 /* Project object */;
}
